
Microsoft Visual Studio Solution File, Format Version 12.00
# Visual Studio Version 16
VisualStudioVersion = 16.0.31112.23
MinimumVisualStudioVersion = 10.0.40219.1
Project("{FAE04EC0-301F-11D3-BF4B-00C04F79EFBC}") = "MyIdentityProject", "MyIdentityProject\MyIdentityProject.csproj", "{358E068E-02F5-4F26-B97D-3ADFBFD36D0E}"
EndProject
Global
	GlobalSection(SolutionConfigurationPlatforms) = preSolution
		Debug|Any CPU = Debug|Any CPU
		Release|Any CPU = Release|Any CPU
	EndGlobalSection
	GlobalSection(ProjectConfigurationPlatforms) = postSolution
		{358E068E-02F5-4F26-B97D-3ADFBFD36D0E}.Debug|Any CPU.ActiveCfg = Debug|Any CPU
		{358E068E-02F5-4F26-B97D-3ADFBFD36D0E}.Debug|Any CPU.Build.0 = Debug|Any CPU
		{358E068E-02F5-4F26-B97D-3ADFBFD36D0E}.Release|Any CPU.ActiveCfg = Release|Any CPU
		{358E068E-02F5-4F26-B97D-3ADFBFD36D0E}.Release|Any CPU.Build.0 = Release|Any CPU
	EndGlobalSection
	GlobalSection(SolutionProperties) = preSolution
		HideSolutionNode = FALSE
	EndGlobalSection
	GlobalSection(ExtensibilityGlobals) = postSolution
		SolutionGuid = {E3269CE9-3F81-48F7-8087-0DF6AACC1D75}
	EndGlobalSection
EndGlobal
